
Microsoft Visual Studio Solution File, Format Version 12.00
# Visual Studio Version 16
VisualStudioVersion = 16.0.30225.117
MinimumVisualStudioVersion = 10.0.40219.1
Project("{9A19103F-16F7-4668-BE54-9A1E7A4F7556}") = "Scalp", "Scalp.csproj", "{A516A11B-44AC-463A-ADAF-DCAA9F3026F5}"
EndProject
Project("{FAE04EC0-301F-11D3-BF4B-00C04F79EFBC}") = "Tests", "Tests\Tests.csproj", "{E2F23BB3-2F0F-4F79-AF7A-43EE1F588519}"
EndProject
Global
	GlobalSection(SolutionConfigurationPlatforms) = preSolution
		Debug|Any CPU = Debug|Any CPU
		Release|Any CPU = Release|Any CPU
	EndGlobalSection
	GlobalSection(ProjectConfigurationPlatforms) = postSolution
		{A516A11B-44AC-463A-ADAF-DCAA9F3026F5}.Debug|Any CPU.ActiveCfg = Debug|Any CPU
		{A516A11B-44AC-463A-ADAF-DCAA9F3026F5}.Debug|Any CPU.Build.0 = Debug|Any CPU
		{A516A11B-44AC-463A-ADAF-DCAA9F3026F5}.Release|Any CPU.ActiveCfg = Release|Any CPU
		{A516A11B-44AC-463A-ADAF-DCAA9F3026F5}.Release|Any CPU.Build.0 = Release|Any CPU
		{E2F23BB3-2F0F-4F79-AF7A-43EE1F588519}.Debug|Any CPU.ActiveCfg = Debug|Any CPU
		{E2F23BB3-2F0F-4F79-AF7A-43EE1F588519}.Debug|Any CPU.Build.0 = Debug|Any CPU
		{E2F23BB3-2F0F-4F79-AF7A-43EE1F588519}.Release|Any CPU.ActiveCfg = Release|Any CPU
		{E2F23BB3-2F0F-4F79-AF7A-43EE1F588519}.Release|Any CPU.Build.0 = Release|Any CPU
	EndGlobalSection
	GlobalSection(SolutionProperties) = preSolution
		HideSolutionNode = FALSE
	EndGlobalSection
	GlobalSection(ExtensibilityGlobals) = postSolution
		SolutionGuid = {9E8028FE-F5C1-42C6-8CBF-570336AE7244}
	EndGlobalSection
EndGlobal
